
Microsoft Visual Studio Solution File, Format Version 12.00
# Visual Studio Version 17
VisualStudioVersion = 17.8.34330.188
MinimumVisualStudioVersion = 10.0.40219.1
Project("{9A19103F-16F7-4668-BE54-9A1E7A4F7556}") = "DeepinfraCSharp", "DeepinfraLlamaApi\DeepinfraCSharp.csproj", "{235E3F1D-3F8E-46BE-AA8A-F6B85747762E}"
EndProject
Project("{9A19103F-16F7-4668-BE54-9A1E7A4F7556}") = "DemoConsoleApp", "DemoConsoleApp\DemoConsoleApp.csproj", "{DD9734BB-B37D-4D76-945F-AC0A0CEA9448}"
EndProject
Global
	GlobalSection(SolutionConfigurationPlatforms) = preSolution
		Debug|Any CPU = Debug|Any CPU
		Release|Any CPU = Release|Any CPU
	EndGlobalSection
	GlobalSection(ProjectConfigurationPlatforms) = postSolution
		{235E3F1D-3F8E-46BE-AA8A-F6B85747762E}.Debug|Any CPU.ActiveCfg = Debug|Any CPU
		{235E3F1D-3F8E-46BE-AA8A-F6B85747762E}.Debug|Any CPU.Build.0 = Debug|Any CPU
		{235E3F1D-3F8E-46BE-AA8A-F6B85747762E}.Release|Any CPU.ActiveCfg = Release|Any CPU
		{235E3F1D-3F8E-46BE-AA8A-F6B85747762E}.Release|Any CPU.Build.0 = Release|Any CPU
		{DD9734BB-B37D-4D76-945F-AC0A0CEA9448}.Debug|Any CPU.ActiveCfg = Debug|Any CPU
		{DD9734BB-B37D-4D76-945F-AC0A0CEA9448}.Debug|Any CPU.Build.0 = Debug|Any CPU
		{DD9734BB-B37D-4D76-945F-AC0A0CEA9448}.Release|Any CPU.ActiveCfg = Release|Any CPU
		{DD9734BB-B37D-4D76-945F-AC0A0CEA9448}.Release|Any CPU.Build.0 = Release|Any CPU
	EndGlobalSection
	GlobalSection(SolutionProperties) = preSolution
		HideSolutionNode = FALSE
	EndGlobalSection
	GlobalSection(ExtensibilityGlobals) = postSolution
		SolutionGuid = {A8BF2D4A-DC06-412B-8049-192709F210E6}
	EndGlobalSection
EndGlobal
